
Microsoft Visual Studio Solution File, Format Version 12.00
# Visual Studio Version 17
VisualStudioVersion = 17.7.34221.43
MinimumVisualStudioVersion = 10.0.40219.1
Project("{9A19103F-16F7-4668-BE54-9A1E7A4F7556}") = "QuadraticEquation", "QuadraticEquation\QuadraticEquation.csproj", "{0A10054C-6161-417F-B764-7275ACCD7963}"
EndProject
Project("{9A19103F-16F7-4668-BE54-9A1E7A4F7556}") = "PointsAverage", "PointsAverage\PointsAverage.csproj", "{D3334A37-65BB-440B-8C12-E8629E171431}"
EndProject
Project("{9A19103F-16F7-4668-BE54-9A1E7A4F7556}") = "SwitchValues", "SwitchValues\SwitchValues.csproj", "{F9AB2ABF-9E83-438D-9B9A-A0DC3142FB68}"
EndProject
Project("{FAE04EC0-301F-11D3-BF4B-00C04F79EFBC}") = "While1", "While1\While1.csproj", "{614A499D-DB93-4255-85D6-A4B381271D24}"
EndProject
Global
	GlobalSection(SolutionConfigurationPlatforms) = preSolution
		Debug|Any CPU = Debug|Any CPU
		Release|Any CPU = Release|Any CPU
	EndGlobalSection
	GlobalSection(ProjectConfigurationPlatforms) = postSolution
		{0A10054C-6161-417F-B764-7275ACCD7963}.Debug|Any CPU.ActiveCfg = Debug|Any CPU
		{0A10054C-6161-417F-B764-7275ACCD7963}.Debug|Any CPU.Build.0 = Debug|Any CPU
		{0A10054C-6161-417F-B764-7275ACCD7963}.Release|Any CPU.ActiveCfg = Release|Any CPU
		{0A10054C-6161-417F-B764-7275ACCD7963}.Release|Any CPU.Build.0 = Release|Any CPU
		{D3334A37-65BB-440B-8C12-E8629E171431}.Debug|Any CPU.ActiveCfg = Debug|Any CPU
		{D3334A37-65BB-440B-8C12-E8629E171431}.Debug|Any CPU.Build.0 = Debug|Any CPU
		{D3334A37-65BB-440B-8C12-E8629E171431}.Release|Any CPU.ActiveCfg = Release|Any CPU
		{D3334A37-65BB-440B-8C12-E8629E171431}.Release|Any CPU.Build.0 = Release|Any CPU
		{F9AB2ABF-9E83-438D-9B9A-A0DC3142FB68}.Debug|Any CPU.ActiveCfg = Debug|Any CPU
		{F9AB2ABF-9E83-438D-9B9A-A0DC3142FB68}.Debug|Any CPU.Build.0 = Debug|Any CPU
		{F9AB2ABF-9E83-438D-9B9A-A0DC3142FB68}.Release|Any CPU.ActiveCfg = Release|Any CPU
		{F9AB2ABF-9E83-438D-9B9A-A0DC3142FB68}.Release|Any CPU.Build.0 = Release|Any CPU
		{614A499D-DB93-4255-85D6-A4B381271D24}.Debug|Any CPU.ActiveCfg = Debug|Any CPU
		{614A499D-DB93-4255-85D6-A4B381271D24}.Debug|Any CPU.Build.0 = Debug|Any CPU
		{614A499D-DB93-4255-85D6-A4B381271D24}.Release|Any CPU.ActiveCfg = Release|Any CPU
		{614A499D-DB93-4255-85D6-A4B381271D24}.Release|Any CPU.Build.0 = Release|Any CPU
	EndGlobalSection
	GlobalSection(SolutionProperties) = preSolution
		HideSolutionNode = FALSE
	EndGlobalSection
	GlobalSection(ExtensibilityGlobals) = postSolution
		SolutionGuid = {BC0F3CD8-2B90-4C59-B91C-CD7C001D35B2}
	EndGlobalSection
EndGlobal
